
Microsoft Visual Studio Solution File, Format Version 12.00
# Visual Studio Version 16
VisualStudioVersion = 16.0.29424.173
MinimumVisualStudioVersion = 10.0.40219.1
Project("{FAE04EC0-301F-11D3-BF4B-00C04F79EFBC}") = "SQL_Aula08", "SQL_Aula08\SQL_Aula08.csproj", "{7406F319-97AD-4F84-8987-9F49E313E17D}"
EndProject
Global
	GlobalSection(SolutionConfigurationPlatforms) = preSolution
		Debug|Any CPU = Debug|Any CPU
		Release|Any CPU = Release|Any CPU
	EndGlobalSection
	GlobalSection(ProjectConfigurationPlatforms) = postSolution
		{7406F319-97AD-4F84-8987-9F49E313E17D}.Debug|Any CPU.ActiveCfg = Debug|Any CPU
		{7406F319-97AD-4F84-8987-9F49E313E17D}.Debug|Any CPU.Build.0 = Debug|Any CPU
		{7406F319-97AD-4F84-8987-9F49E313E17D}.Release|Any CPU.ActiveCfg = Release|Any CPU
		{7406F319-97AD-4F84-8987-9F49E313E17D}.Release|Any CPU.Build.0 = Release|Any CPU
	EndGlobalSection
	GlobalSection(SolutionProperties) = preSolution
		HideSolutionNode = FALSE
	EndGlobalSection
	GlobalSection(ExtensibilityGlobals) = postSolution
		SolutionGuid = {BD328605-4DD6-4967-B9E4-025FA8DFCEAD}
	EndGlobalSection
EndGlobal
